
Microsoft Visual Studio Solution File, Format Version 12.00
# Visual Studio Version 17
VisualStudioVersion = 17.11.35219.272
MinimumVisualStudioVersion = 10.0.40219.1
Project("{9A19103F-16F7-4668-BE54-9A1E7A4F7556}") = "RazorASP", "RazorASP\RazorASP.csproj", "{9E0C1F2C-8DEB-4FD9-AE6B-75BBDB13BBA3}"
EndProject
Project("{9A19103F-16F7-4668-BE54-9A1E7A4F7556}") = "CharactersLib", "CharactersLib\CharactersLib.csproj", "{2949AB01-6025-403D-AB50-77F2C49A3ACC}"
EndProject
Global
	GlobalSection(SolutionConfigurationPlatforms) = preSolution
		Debug|Any CPU = Debug|Any CPU
		Release|Any CPU = Release|Any CPU
	EndGlobalSection
	GlobalSection(ProjectConfigurationPlatforms) = postSolution
		{9E0C1F2C-8DEB-4FD9-AE6B-75BBDB13BBA3}.Debug|Any CPU.ActiveCfg = Debug|Any CPU
		{9E0C1F2C-8DEB-4FD9-AE6B-75BBDB13BBA3}.Debug|Any CPU.Build.0 = Debug|Any CPU
		{9E0C1F2C-8DEB-4FD9-AE6B-75BBDB13BBA3}.Release|Any CPU.ActiveCfg = Release|Any CPU
		{9E0C1F2C-8DEB-4FD9-AE6B-75BBDB13BBA3}.Release|Any CPU.Build.0 = Release|Any CPU
		{2949AB01-6025-403D-AB50-77F2C49A3ACC}.Debug|Any CPU.ActiveCfg = Debug|Any CPU
		{2949AB01-6025-403D-AB50-77F2C49A3ACC}.Debug|Any CPU.Build.0 = Debug|Any CPU
		{2949AB01-6025-403D-AB50-77F2C49A3ACC}.Release|Any CPU.ActiveCfg = Release|Any CPU
		{2949AB01-6025-403D-AB50-77F2C49A3ACC}.Release|Any CPU.Build.0 = Release|Any CPU
	EndGlobalSection
	GlobalSection(SolutionProperties) = preSolution
		HideSolutionNode = FALSE
	EndGlobalSection
	GlobalSection(ExtensibilityGlobals) = postSolution
		SolutionGuid = {FCDBA9B3-4290-45FF-BAE3-025E7C7A609E}
	EndGlobalSection
EndGlobal
